
Microsoft Visual Studio Solution File, Format Version 12.00
# Visual Studio 14
VisualStudioVersion = 14.0.24720.0
MinimumVisualStudioVersion = 10.0.40219.1
Project("{FAE04EC0-301F-11D3-BF4B-00C04F79EFBC}") = "01.HelloCSharp", "HelloCSharp\01.HelloCSharp.csproj", "{D916B1C6-40F7-4F26-A869-3C75804BBE1F}"
EndProject
Project("{FAE04EC0-301F-11D3-BF4B-00C04F79EFBC}") = "02.PrintMyName", "PrintMyName\02.PrintMyName.csproj", "{FEE8D06A-8C82-4EBD-82FC-0009AD8E34AD}"
EndProject
Project("{FAE04EC0-301F-11D3-BF4B-00C04F79EFBC}") = "03.PrintNumbers", "PrintNumbers\03.PrintNumbers.csproj", "{F4CCA877-93CB-4BDB-AD8D-BE6D42B1C769}"
EndProject
Project("{FAE04EC0-301F-11D3-BF4B-00C04F79EFBC}") = "04.PrintFirstAndLastName", "PrintFirstAndLastName\04.PrintFirstAndLastName.csproj", "{BB720AC1-A4BF-41D1-9DB3-B53FCDBA87D1}"
EndProject
Project("{FAE04EC0-301F-11D3-BF4B-00C04F79EFBC}") = "05.SquareRoot", "SquareRoot\05.SquareRoot.csproj", "{DC982076-D98D-466C-9180-241580B58F4B}"
EndProject
Project("{FAE04EC0-301F-11D3-BF4B-00C04F79EFBC}") = "06.PrintASequence", "PrintASequence\06.PrintASequence.csproj", "{A2A98A2C-23FE-4A31-9DB2-973A72FF766F}"
EndProject
Project("{FAE04EC0-301F-11D3-BF4B-00C04F79EFBC}") = "07.ReformatCode", "ReformatCode\07.ReformatCode.csproj", "{58A74DE0-E6C8-4FF3-8756-F7A4AD2ACD80}"
EndProject
Project("{FAE04EC0-301F-11D3-BF4B-00C04F79EFBC}") = "08.CurrentDateAndTime", "CurrentDateAndTime\08.CurrentDateAndTime.csproj", "{12F502F2-5201-4500-B2A1-F6C8E1982C4F}"
EndProject
Project("{FAE04EC0-301F-11D3-BF4B-00C04F79EFBC}") = "09.AgeNowAndTenYearsLater", "AgeNowAndTenYearsLater\09.AgeNowAndTenYearsLater.csproj", "{789818FE-4260-4027-8ABC-1CBF6E7B9C83}"
EndProject
Project("{FAE04EC0-301F-11D3-BF4B-00C04F79EFBC}") = "10.PrintLongSequence", "PrintLongSequence\10.PrintLongSequence.csproj", "{EB30680F-BB97-43F9-9786-8964773FF7EC}"
EndProject
Project("{FAE04EC0-301F-11D3-BF4B-00C04F79EFBC}") = "11.DebuggingPractise", "DebuggingPractise\11.DebuggingPractise.csproj", "{7DE8EFBA-482D-43DD-830C-FD75EB1CE230}"
EndProject
Global
	GlobalSection(SolutionConfigurationPlatforms) = preSolution
		Debug|Any CPU = Debug|Any CPU
		Release|Any CPU = Release|Any CPU
	EndGlobalSection
	GlobalSection(ProjectConfigurationPlatforms) = postSolution
		{D916B1C6-40F7-4F26-A869-3C75804BBE1F}.Debug|Any CPU.ActiveCfg = Debug|Any CPU
		{D916B1C6-40F7-4F26-A869-3C75804BBE1F}.Debug|Any CPU.Build.0 = Debug|Any CPU
		{D916B1C6-40F7-4F26-A869-3C75804BBE1F}.Release|Any CPU.ActiveCfg = Release|Any CPU
		{D916B1C6-40F7-4F26-A869-3C75804BBE1F}.Release|Any CPU.Build.0 = Release|Any CPU
		{FEE8D06A-8C82-4EBD-82FC-0009AD8E34AD}.Debug|Any CPU.ActiveCfg = Debug|Any CPU
		{FEE8D06A-8C82-4EBD-82FC-0009AD8E34AD}.Debug|Any CPU.Build.0 = Debug|Any CPU
		{FEE8D06A-8C82-4EBD-82FC-0009AD8E34AD}.Release|Any CPU.ActiveCfg = Release|Any CPU
		{FEE8D06A-8C82-4EBD-82FC-0009AD8E34AD}.Release|Any CPU.Build.0 = Release|Any CPU
		{F4CCA877-93CB-4BDB-AD8D-BE6D42B1C769}.Debug|Any CPU.ActiveCfg = Debug|Any CPU
		{F4CCA877-93CB-4BDB-AD8D-BE6D42B1C769}.Debug|Any CPU.Build.0 = Debug|Any CPU
		{F4CCA877-93CB-4BDB-AD8D-BE6D42B1C769}.Release|Any CPU.ActiveCfg = Release|Any CPU
		{F4CCA877-93CB-4BDB-AD8D-BE6D42B1C769}.Release|Any CPU.Build.0 = Release|Any CPU
		{BB720AC1-A4BF-41D1-9DB3-B53FCDBA87D1}.Debug|Any CPU.ActiveCfg = Debug|Any CPU
		{BB720AC1-A4BF-41D1-9DB3-B53FCDBA87D1}.Debug|Any CPU.Build.0 = Debug|Any CPU
		{BB720AC1-A4BF-41D1-9DB3-B53FCDBA87D1}.Release|Any CPU.ActiveCfg = Release|Any CPU
		{BB720AC1-A4BF-41D1-9DB3-B53FCDBA87D1}.Release|Any CPU.Build.0 = Release|Any CPU
		{DC982076-D98D-466C-9180-241580B58F4B}.Debug|Any CPU.ActiveCfg = Debug|Any CPU
		{DC982076-D98D-466C-9180-241580B58F4B}.Debug|Any CPU.Build.0 = Debug|Any CPU
		{DC982076-D98D-466C-9180-241580B58F4B}.Release|Any CPU.ActiveCfg = Release|Any CPU
		{DC982076-D98D-466C-9180-241580B58F4B}.Release|Any CPU.Build.0 = Release|Any CPU
		{A2A98A2C-23FE-4A31-9DB2-973A72FF766F}.Debug|Any CPU.ActiveCfg = Debug|Any CPU
		{A2A98A2C-23FE-4A31-9DB2-973A72FF766F}.Debug|Any CPU.Build.0 = Debug|Any CPU
		{A2A98A2C-23FE-4A31-9DB2-973A72FF766F}.Release|Any CPU.ActiveCfg = Release|Any CPU
		{A2A98A2C-23FE-4A31-9DB2-973A72FF766F}.Release|Any CPU.Build.0 = Release|Any CPU
		{58A74DE0-E6C8-4FF3-8756-F7A4AD2ACD80}.Debug|Any CPU.ActiveCfg = Debug|Any CPU
		{58A74DE0-E6C8-4FF3-8756-F7A4AD2ACD80}.Debug|Any CPU.Build.0 = Debug|Any CPU
		{58A74DE0-E6C8-4FF3-8756-F7A4AD2ACD80}.Release|Any CPU.ActiveCfg = Release|Any CPU
		{58A74DE0-E6C8-4FF3-8756-F7A4AD2ACD80}.Release|Any CPU.Build.0 = Release|Any CPU
		{12F502F2-5201-4500-B2A1-F6C8E1982C4F}.Debug|Any CPU.ActiveCfg = Debug|Any CPU
		{12F502F2-5201-4500-B2A1-F6C8E1982C4F}.Debug|Any CPU.Build.0 = Debug|Any CPU
		{12F502F2-5201-4500-B2A1-F6C8E1982C4F}.Release|Any CPU.ActiveCfg = Release|Any CPU
		{12F502F2-5201-4500-B2A1-F6C8E1982C4F}.Release|Any CPU.Build.0 = Release|Any CPU
		{789818FE-4260-4027-8ABC-1CBF6E7B9C83}.Debug|Any CPU.ActiveCfg = Debug|Any CPU
		{789818FE-4260-4027-8ABC-1CBF6E7B9C83}.Debug|Any CPU.Build.0 = Debug|Any CPU
		{789818FE-4260-4027-8ABC-1CBF6E7B9C83}.Release|Any CPU.ActiveCfg = Release|Any CPU
		{789818FE-4260-4027-8ABC-1CBF6E7B9C83}.Release|Any CPU.Build.0 = Release|Any CPU
		{EB30680F-BB97-43F9-9786-8964773FF7EC}.Debug|Any CPU.ActiveCfg = Debug|Any CPU
		{EB30680F-BB97-43F9-9786-8964773FF7EC}.Debug|Any CPU.Build.0 = Debug|Any CPU
		{EB30680F-BB97-43F9-9786-8964773FF7EC}.Release|Any CPU.ActiveCfg = Release|Any CPU
		{EB30680F-BB97-43F9-9786-8964773FF7EC}.Release|Any CPU.Build.0 = Release|Any CPU
		{7DE8EFBA-482D-43DD-830C-FD75EB1CE230}.Debug|Any CPU.ActiveCfg = Debug|Any CPU
		{7DE8EFBA-482D-43DD-830C-FD75EB1CE230}.Debug|Any CPU.Build.0 = Debug|Any CPU
		{7DE8EFBA-482D-43DD-830C-FD75EB1CE230}.Release|Any CPU.ActiveCfg = Release|Any CPU
		{7DE8EFBA-482D-43DD-830C-FD75EB1CE230}.Release|Any CPU.Build.0 = Release|Any CPU
	EndGlobalSection
	GlobalSection(SolutionProperties) = preSolution
		HideSolutionNode = FALSE
	EndGlobalSection
EndGlobal
