
Microsoft Visual Studio Solution File, Format Version 12.00
# Visual Studio 14
VisualStudioVersion = 14.0.24720.0
MinimumVisualStudioVersion = 10.0.40219.1
Project("{FAE04EC0-301F-11D3-BF4B-00C04F79EFBC}") = "01.OddOrEvenIntegers", "OddOrEvenIntegers\01.OddOrEvenIntegers.csproj", "{3DD02842-3091-4234-B3C7-0EF22988B725}"
EndProject
Project("{FAE04EC0-301F-11D3-BF4B-00C04F79EFBC}") = "02.GravitationOnTheMoon", "GravitationOnTheMoon\02.GravitationOnTheMoon.csproj", "{5230A449-EF3A-427F-8A2F-F6E07C5313EA}"
EndProject
Project("{FAE04EC0-301F-11D3-BF4B-00C04F79EFBC}") = "03.DivideBySevenAndFive", "DivideBySevenAndFive\03.DivideBySevenAndFive.csproj", "{82B33597-9EA7-41C4-8ED5-A8F1D29BB432}"
EndProject
Project("{FAE04EC0-301F-11D3-BF4B-00C04F79EFBC}") = "04.Rectangles", "Rectangles\04.Rectangles.csproj", "{737FB0DB-9734-40BF-846B-F8AB93C49FA7}"
EndProject
Project("{FAE04EC0-301F-11D3-BF4B-00C04F79EFBC}") = "05.ThirdDigitIsSeven", "ThirdDigitIsSeven\05.ThirdDigitIsSeven.csproj", "{CFC62132-C183-4C97-92F2-8198996E1446}"
EndProject
Global
	GlobalSection(SolutionConfigurationPlatforms) = preSolution
		Debug|Any CPU = Debug|Any CPU
		Release|Any CPU = Release|Any CPU
	EndGlobalSection
	GlobalSection(ProjectConfigurationPlatforms) = postSolution
		{3DD02842-3091-4234-B3C7-0EF22988B725}.Debug|Any CPU.ActiveCfg = Debug|Any CPU
		{3DD02842-3091-4234-B3C7-0EF22988B725}.Debug|Any CPU.Build.0 = Debug|Any CPU
		{3DD02842-3091-4234-B3C7-0EF22988B725}.Release|Any CPU.ActiveCfg = Release|Any CPU
		{3DD02842-3091-4234-B3C7-0EF22988B725}.Release|Any CPU.Build.0 = Release|Any CPU
		{5230A449-EF3A-427F-8A2F-F6E07C5313EA}.Debug|Any CPU.ActiveCfg = Debug|Any CPU
		{5230A449-EF3A-427F-8A2F-F6E07C5313EA}.Debug|Any CPU.Build.0 = Debug|Any CPU
		{5230A449-EF3A-427F-8A2F-F6E07C5313EA}.Release|Any CPU.ActiveCfg = Release|Any CPU
		{5230A449-EF3A-427F-8A2F-F6E07C5313EA}.Release|Any CPU.Build.0 = Release|Any CPU
		{82B33597-9EA7-41C4-8ED5-A8F1D29BB432}.Debug|Any CPU.ActiveCfg = Debug|Any CPU
		{82B33597-9EA7-41C4-8ED5-A8F1D29BB432}.Debug|Any CPU.Build.0 = Debug|Any CPU
		{82B33597-9EA7-41C4-8ED5-A8F1D29BB432}.Release|Any CPU.ActiveCfg = Release|Any CPU
		{82B33597-9EA7-41C4-8ED5-A8F1D29BB432}.Release|Any CPU.Build.0 = Release|Any CPU
		{737FB0DB-9734-40BF-846B-F8AB93C49FA7}.Debug|Any CPU.ActiveCfg = Debug|Any CPU
		{737FB0DB-9734-40BF-846B-F8AB93C49FA7}.Debug|Any CPU.Build.0 = Debug|Any CPU
		{737FB0DB-9734-40BF-846B-F8AB93C49FA7}.Release|Any CPU.ActiveCfg = Release|Any CPU
		{737FB0DB-9734-40BF-846B-F8AB93C49FA7}.Release|Any CPU.Build.0 = Release|Any CPU
		{CFC62132-C183-4C97-92F2-8198996E1446}.Debug|Any CPU.ActiveCfg = Debug|Any CPU
		{CFC62132-C183-4C97-92F2-8198996E1446}.Debug|Any CPU.Build.0 = Debug|Any CPU
		{CFC62132-C183-4C97-92F2-8198996E1446}.Release|Any CPU.ActiveCfg = Release|Any CPU
		{CFC62132-C183-4C97-92F2-8198996E1446}.Release|Any CPU.Build.0 = Release|Any CPU
	EndGlobalSection
	GlobalSection(SolutionProperties) = preSolution
		HideSolutionNode = FALSE
	EndGlobalSection
EndGlobal
