
Microsoft Visual Studio Solution File, Format Version 12.00
# Visual Studio 14
VisualStudioVersion = 14.0.24720.0
MinimumVisualStudioVersion = 10.0.40219.1
Project("{FAE04EC0-301F-11D3-BF4B-00C04F79EFBC}") = "01.LeapYear", "LeapYear\01.LeapYear.csproj", "{C37C6128-8147-4B28-B3D9-96263A84FA1F}"
EndProject
Project("{FAE04EC0-301F-11D3-BF4B-00C04F79EFBC}") = "04.TriangleSurfaceBySideAndAltitude", "TriangleSurfaceBySideAndAltitude\04.TriangleSurfaceBySideAndAltitude.csproj", "{A37B485A-68BA-48E2-B23F-660D2BF07EB0}"
EndProject
Project("{FAE04EC0-301F-11D3-BF4B-00C04F79EFBC}") = "05.TriangleSurfaceByThreeSides", "TriangleSurfaceByThreeSides\05.TriangleSurfaceByThreeSides.csproj", "{736910DF-1AFC-49EA-BC2F-D16442BC9EF3}"
EndProject
Project("{FAE04EC0-301F-11D3-BF4B-00C04F79EFBC}") = "06.TriangleSurfaceByTwoSidesAndAnAngle", "TriangleSurfaceByTwoSidesAndAnAngle\06.TriangleSurfaceByTwoSidesAndAnAngle.csproj", "{489B7013-B762-4F35-9530-EC10CCCAE6EE}"
EndProject
Project("{FAE04EC0-301F-11D3-BF4B-00C04F79EFBC}") = "08.SumIntegers", "SumIntegers\08.SumIntegers.csproj", "{F2BD1338-693D-4B33-8692-73CED8277CB9}"
EndProject
Global
	GlobalSection(SolutionConfigurationPlatforms) = preSolution
		Debug|Any CPU = Debug|Any CPU
		Release|Any CPU = Release|Any CPU
	EndGlobalSection
	GlobalSection(ProjectConfigurationPlatforms) = postSolution
		{C37C6128-8147-4B28-B3D9-96263A84FA1F}.Debug|Any CPU.ActiveCfg = Debug|Any CPU
		{C37C6128-8147-4B28-B3D9-96263A84FA1F}.Debug|Any CPU.Build.0 = Debug|Any CPU
		{C37C6128-8147-4B28-B3D9-96263A84FA1F}.Release|Any CPU.ActiveCfg = Release|Any CPU
		{C37C6128-8147-4B28-B3D9-96263A84FA1F}.Release|Any CPU.Build.0 = Release|Any CPU
		{A37B485A-68BA-48E2-B23F-660D2BF07EB0}.Debug|Any CPU.ActiveCfg = Debug|Any CPU
		{A37B485A-68BA-48E2-B23F-660D2BF07EB0}.Debug|Any CPU.Build.0 = Debug|Any CPU
		{A37B485A-68BA-48E2-B23F-660D2BF07EB0}.Release|Any CPU.ActiveCfg = Release|Any CPU
		{A37B485A-68BA-48E2-B23F-660D2BF07EB0}.Release|Any CPU.Build.0 = Release|Any CPU
		{736910DF-1AFC-49EA-BC2F-D16442BC9EF3}.Debug|Any CPU.ActiveCfg = Debug|Any CPU
		{736910DF-1AFC-49EA-BC2F-D16442BC9EF3}.Debug|Any CPU.Build.0 = Debug|Any CPU
		{736910DF-1AFC-49EA-BC2F-D16442BC9EF3}.Release|Any CPU.ActiveCfg = Release|Any CPU
		{736910DF-1AFC-49EA-BC2F-D16442BC9EF3}.Release|Any CPU.Build.0 = Release|Any CPU
		{489B7013-B762-4F35-9530-EC10CCCAE6EE}.Debug|Any CPU.ActiveCfg = Debug|Any CPU
		{489B7013-B762-4F35-9530-EC10CCCAE6EE}.Debug|Any CPU.Build.0 = Debug|Any CPU
		{489B7013-B762-4F35-9530-EC10CCCAE6EE}.Release|Any CPU.ActiveCfg = Release|Any CPU
		{489B7013-B762-4F35-9530-EC10CCCAE6EE}.Release|Any CPU.Build.0 = Release|Any CPU
		{F2BD1338-693D-4B33-8692-73CED8277CB9}.Debug|Any CPU.ActiveCfg = Debug|Any CPU
		{F2BD1338-693D-4B33-8692-73CED8277CB9}.Debug|Any CPU.Build.0 = Debug|Any CPU
		{F2BD1338-693D-4B33-8692-73CED8277CB9}.Release|Any CPU.ActiveCfg = Release|Any CPU
		{F2BD1338-693D-4B33-8692-73CED8277CB9}.Release|Any CPU.Build.0 = Release|Any CPU
	EndGlobalSection
	GlobalSection(SolutionProperties) = preSolution
		HideSolutionNode = FALSE
	EndGlobalSection
EndGlobal
